
Microsoft Visual Studio Solution File, Format Version 12.00
# Visual Studio Version 16
VisualStudioVersion = 16.0.28729.10
MinimumVisualStudioVersion = 10.0.40219.1
Project("{9A19103F-16F7-4668-BE54-9A1E7A4F7556}") = "IBgard", "IBgard.csproj", "{9896ABB7-2694-4D96-B46F-E0B36A360CB7}"
EndProject
Global
	GlobalSection(SolutionConfigurationPlatforms) = preSolution
		Debug|Any CPU = Debug|Any CPU
		Release|Any CPU = Release|Any CPU
	EndGlobalSection
	GlobalSection(ProjectConfigurationPlatforms) = postSolution
		{9896ABB7-2694-4D96-B46F-E0B36A360CB7}.Debug|Any CPU.ActiveCfg = Debug|Any CPU
		{9896ABB7-2694-4D96-B46F-E0B36A360CB7}.Debug|Any CPU.Build.0 = Debug|Any CPU
		{9896ABB7-2694-4D96-B46F-E0B36A360CB7}.Release|Any CPU.ActiveCfg = Release|Any CPU
		{9896ABB7-2694-4D96-B46F-E0B36A360CB7}.Release|Any CPU.Build.0 = Release|Any CPU
	EndGlobalSection
	GlobalSection(SolutionProperties) = preSolution
		HideSolutionNode = FALSE
	EndGlobalSection
	GlobalSection(ExtensibilityGlobals) = postSolution
		SolutionGuid = {C76AF960-16CD-48C4-96EA-448384A57417}
	EndGlobalSection
EndGlobal
